
Microsoft Visual Studio Solution File, Format Version 12.00
# Visual Studio Version 17
VisualStudioVersion = 17.2.32516.85
MinimumVisualStudioVersion = 10.0.40219.1
Project("{FAE04EC0-301F-11D3-BF4B-00C04F79EFBC}") = "GITHUB.TEST", "GITHUB.TEST\GITHUB.TEST.csproj", "{EA735816-1DE3-4B11-93E3-DCBA8574FB4F}"
EndProject
Global
	GlobalSection(SolutionConfigurationPlatforms) = preSolution
		Debug|Any CPU = Debug|Any CPU
		Release|Any CPU = Release|Any CPU
	EndGlobalSection
	GlobalSection(ProjectConfigurationPlatforms) = postSolution
		{EA735816-1DE3-4B11-93E3-DCBA8574FB4F}.Debug|Any CPU.ActiveCfg = Debug|Any CPU
		{EA735816-1DE3-4B11-93E3-DCBA8574FB4F}.Debug|Any CPU.Build.0 = Debug|Any CPU
		{EA735816-1DE3-4B11-93E3-DCBA8574FB4F}.Release|Any CPU.ActiveCfg = Release|Any CPU
		{EA735816-1DE3-4B11-93E3-DCBA8574FB4F}.Release|Any CPU.Build.0 = Release|Any CPU
	EndGlobalSection
	GlobalSection(SolutionProperties) = preSolution
		HideSolutionNode = FALSE
	EndGlobalSection
	GlobalSection(ExtensibilityGlobals) = postSolution
		SolutionGuid = {151A1C80-2F2D-4564-987F-A4A1D296403C}
	EndGlobalSection
EndGlobal
